{
  "projects": [
    {
      "projectId": "7nJ7UcFmq9UzB6eXfC5z4a",
      "version": "0.25.0",
      "dependencies": {},
      "lang": "js",
      "fileLocks": [
        {
          "assetId": "7nJ7UcFmq9UzB6eXfC5z4a",
          "type": "projectCss",
          "checksum": "05587b57f22f0ec8bb54543deb39762e"
        }
      ],
      "codegenVersion": "0.0.1"
    },
    {
      "projectId": "Ayg5AeYEo8z5Nd8xTebhk",
      "version": "latest",
      "dependencies": {
        "7nJ7UcFmq9UzB6eXfC5z4a": "0.25.0"
      },
      "lang": "js",
      "fileLocks": [
        {
          "type": "globalVariant",
          "assetId": "YJgprdN1d0KQ",
          "checksum": "ea0a848bfaed9e227e9cddaa55484208"
        },
        {
          "assetId": "Ayg5AeYEo8z5Nd8xTebhk",
          "type": "projectCss",
          "checksum": "5b36a67a09e4dc3b3e3567f0ec4c15a6"
        },
        {
          "type": "renderModule",
          "assetId": "lxoalwZud1_f",
          "checksum": "99dd3f73ccbd55190746fc13ca66cbdc"
        },
        {
          "type": "cssRules",
          "assetId": "lxoalwZud1_f",
          "checksum": "99dd3f73ccbd55190746fc13ca66cbdc"
        },
        {
          "type": "renderModule",
          "assetId": "hKit23lCRVW_",
          "checksum": "7ac0d79d57d741ebeef337672584f701"
        },
        {
          "type": "cssRules",
          "assetId": "hKit23lCRVW_",
          "checksum": "7ac0d79d57d741ebeef337672584f701"
        },
        {
          "type": "renderModule",
          "assetId": "iKC022nIvy8f",
          "checksum": "fcb98df0c32e229808dc497749558e35"
        },
        {
          "type": "cssRules",
          "assetId": "iKC022nIvy8f",
          "checksum": "fcb98df0c32e229808dc497749558e35"
        },
        {
          "type": "renderModule",
          "assetId": "uoR8V4VpY2lm",
          "checksum": "c7ab7a5129ae3b2fc67cc205195e607b"
        },
        {
          "type": "cssRules",
          "assetId": "uoR8V4VpY2lm",
          "checksum": "c7ab7a5129ae3b2fc67cc205195e607b"
        },
        {
          "type": "renderModule",
          "assetId": "ng5BaMgfloaJ",
          "checksum": "1301e66190e379c23c8dd4fbfe55904f"
        },
        {
          "type": "cssRules",
          "assetId": "ng5BaMgfloaJ",
          "checksum": "1301e66190e379c23c8dd4fbfe55904f"
        },
        {
          "type": "renderModule",
          "assetId": "HjA21s740exC",
          "checksum": "07af1219574e48b7f98cee36d173ac8e"
        },
        {
          "type": "cssRules",
          "assetId": "HjA21s740exC",
          "checksum": "07af1219574e48b7f98cee36d173ac8e"
        },
        {
          "type": "renderModule",
          "assetId": "Tl3Ft9O2wBvP",
          "checksum": "74b8aa49d15d1e6df0eeb7c00104f92f"
        },
        {
          "type": "cssRules",
          "assetId": "Tl3Ft9O2wBvP",
          "checksum": "74b8aa49d15d1e6df0eeb7c00104f92f"
        },
        {
          "type": "renderModule",
          "assetId": "bI8ZV1xHcT65",
          "checksum": "f2d5cb0e370ceffd3a42d2ac7eed3ebc"
        },
        {
          "type": "cssRules",
          "assetId": "bI8ZV1xHcT65",
          "checksum": "f2d5cb0e370ceffd3a42d2ac7eed3ebc"
        },
        {
          "type": "icon",
          "assetId": "NYFpB51QJzGo",
          "checksum": "fe053995559652048f35d2cbda91504a"
        },
        {
          "type": "icon",
          "assetId": "7790EkvSdKV5",
          "checksum": "9603c9fdc677ac4bb9be67fdb10dab0a"
        },
        {
          "type": "icon",
          "assetId": "DBeCLfCComrd",
          "checksum": "620ca609f4aa6a4573eead9e1aa55f7d"
        },
        {
          "type": "icon",
          "assetId": "B5xtoo8WuBtX",
          "checksum": "dbf9000e8abe4f7d113aced1e88bca2d"
        },
        {
          "type": "icon",
          "assetId": "9NeFejPKNsjf",
          "checksum": "a12639681e71d429ec208a4032062c68"
        },
        {
          "type": "icon",
          "assetId": "NRX5vUPmcSmc",
          "checksum": "5090f5878487135680b3c9ec40c88eb6"
        },
        {
          "type": "icon",
          "assetId": "KhZLme6k8S-o",
          "checksum": "61573d7ace8a8065c361c9b64a98369e"
        },
        {
          "type": "icon",
          "assetId": "IdWMgxjjvSDY",
          "checksum": "8278968d635aeb95f5d8e386c60f4ad6"
        },
        {
          "type": "icon",
          "assetId": "5CyjVuBgtKt2",
          "checksum": "ad7820e8d18ec0b75492ad758f1d333a"
        },
        {
          "type": "icon",
          "assetId": "hoQe6hxar61I",
          "checksum": "0dbe003c6448a8486e9b90e205559d3d"
        },
        {
          "type": "image",
          "assetId": "vdqWk561XX3k",
          "checksum": "acc4a9b80b7c64aa68ea9ce40b214df7"
        },
        {
          "type": "image",
          "assetId": "mGP4upaMVaGS",
          "checksum": "8bf7bd55bc6519905355a9953b9f67ae"
        },
        {
          "type": "image",
          "assetId": "vSQrEenu1UeZ",
          "checksum": "cf70918e89796930227c958fd24f1d49"
        },
        {
          "type": "image",
          "assetId": "Agyi8ddAInz_",
          "checksum": "604b88d7a6600b416fc480e8527f6c28"
        },
        {
          "type": "image",
          "assetId": "G2EzCf5GIbaf",
          "checksum": "106f3fe46e613f0864d31c99c2ff854a"
        },
        {
          "type": "image",
          "assetId": "yJPPtGtHTsLa",
          "checksum": "a9aee998441699d7c9123294df322cc7"
        },
        {
          "type": "image",
          "assetId": "SBEWfbZyoCln",
          "checksum": "a9f1e933ef4e65e35d5a8d5a4548b326"
        },
        {
          "type": "image",
          "assetId": "Sg5WsOPvZ_qg",
          "checksum": "c5a4d1c56233551c7edf53e26ad71f79"
        },
        {
          "type": "image",
          "assetId": "_HnDmyj89YE-",
          "checksum": "2654d788ed071643490ac093a0e10aa2"
        },
        {
          "type": "image",
          "assetId": "Q9YNfuwTExI5",
          "checksum": "bffbf66a12310c94bfc8ce7f45684f42"
        },
        {
          "type": "image",
          "assetId": "RQwc2vRlKiRV",
          "checksum": "0d7ec705762642bbc289fad26cfb855e"
        },
        {
          "type": "image",
          "assetId": "7jr0OjDW8mbE",
          "checksum": "10f413154393a5a3fbc992e7bf77e3ef"
        },
        {
          "type": "image",
          "assetId": "mRwr_98NvEMI",
          "checksum": "a8f9526c0ce7b09617c4ad07b44a4188"
        },
        {
          "type": "image",
          "assetId": "pH8vGg5mxXui",
          "checksum": "f7bdb68d5e40c917e18adab74d635fbd"
        },
        {
          "type": "image",
          "assetId": "rTZ1bkoKbI4R",
          "checksum": "76574d20dfab9000cc7fc5812a448477"
        },
        {
          "type": "image",
          "assetId": "_KgoMAw_Tg_D",
          "checksum": "0d062bc6859c2cfcf7c946e6352df3ab"
        },
        {
          "type": "image",
          "assetId": "dIUOCop1xsy8",
          "checksum": "7c30c7823224b6f50ff9bc2ceab523d5"
        },
        {
          "type": "image",
          "assetId": "MB2H-wYu0EXA",
          "checksum": "b59737ac1340e40c54982e04fe3c2281"
        },
        {
          "type": "image",
          "assetId": "3e-XPao6T8vF",
          "checksum": "3b4e90fd64a1fc660958cef1f69b99c2"
        },
        {
          "type": "image",
          "assetId": "Go-mDDHkSZUk",
          "checksum": "b42cd357754a8729b9387698a6c335ee"
        },
        {
          "type": "image",
          "assetId": "OXw4-3469duX",
          "checksum": "a730b36a08d2888b5a86b5ead3f61c70"
        },
        {
          "type": "image",
          "assetId": "1bc8Ys3wZfXn",
          "checksum": "18e8f11df8da63eb1775138fa09501d1"
        },
        {
          "type": "image",
          "assetId": "ap27YMAGKQIc",
          "checksum": "6e5c94b3187c2d3ec40080ce990c9aa7"
        },
        {
          "type": "image",
          "assetId": "zlLSqBvFmh6Y",
          "checksum": "39e99e687ee1e62999cdb74151f2db3d"
        },
        {
          "type": "image",
          "assetId": "0V-bMe61LD6l",
          "checksum": "8dea84ccf772855e02cf14cb96ff0e5b"
        },
        {
          "type": "image",
          "assetId": "QE2n_BbtYRhQ",
          "checksum": "36d30941489edd133bcd91042d9fff84"
        },
        {
          "type": "image",
          "assetId": "8CecIfvmFChR",
          "checksum": "9b22eff8ef356a284d747e6ae3cdad40"
        },
        {
          "type": "image",
          "assetId": "l0v2II4dBwg9",
          "checksum": "fcba02e85c69fc3b33feac13d07a9d4d"
        },
        {
          "type": "image",
          "assetId": "uN2R5skLdgeu",
          "checksum": "a80b76da550259bf843e5680bc5ee178"
        },
        {
          "type": "image",
          "assetId": "1_LLd7g7Kf9o",
          "checksum": "51d342881994d975d7be26edd62028f2"
        },
        {
          "type": "image",
          "assetId": "wFgZ_D086LUF",
          "checksum": "1f07f438e6b526e314b5531c41169f0b"
        },
        {
          "type": "image",
          "assetId": "r2WXaI3f-T96",
          "checksum": "e2bc3ca061ea90967989c74bd0d610db"
        },
        {
          "type": "image",
          "assetId": "25MBA8I1JB6A",
          "checksum": "a10d3d983d584982195eed0c2314afa4"
        },
        {
          "type": "image",
          "assetId": "dWcxkQRkhTIk",
          "checksum": "99a8704f716294ae2c55e05b3d8b7fb1"
        },
        {
          "type": "image",
          "assetId": "va-x7pt-5CDI",
          "checksum": "e1b3cfd242e95fe18e68771662b29e9a"
        },
        {
          "type": "image",
          "assetId": "7r8NP-PwjTDz",
          "checksum": "45fbf63df12ad2e147737eed8223beab"
        },
        {
          "type": "image",
          "assetId": "F0UMxMKE35i_",
          "checksum": "1dd467dd67fcccc65369e3ca584554e6"
        },
        {
          "type": "image",
          "assetId": "ClZjAjyAxPtc",
          "checksum": "1d141e8a5d9755781f4ba9303f03f4cd"
        },
        {
          "type": "image",
          "assetId": "nkZ4Gv34-yCf",
          "checksum": "2e669e5d6ecece3e6b3b56b92c33391f"
        },
        {
          "type": "image",
          "assetId": "_Pq3L6fq3zs9",
          "checksum": "9a4733789c6b1f26f647825bdd1708db"
        },
        {
          "type": "image",
          "assetId": "r9DeDKUtbozY",
          "checksum": "3e9b9101da6ae9f9f7e6cbf984347600"
        }
      ],
      "codegenVersion": "0.0.1"
    }
  ],
  "cliVersion": "0.1.325"
}
